
Microsoft Visual Studio Solution File, Format Version 12.00
# Visual Studio Version 16
VisualStudioVersion = 16.0.808.6
MinimumVisualStudioVersion = 10.0.40219.1
Project("{FAE04EC0-301F-11D3-BF4B-00C04F79EFBC}") = "PersonMarriagr", "PersonMarriagr\PersonMarriagr.csproj", "{BE0F8058-78EB-48A0-87BD-598BE1366853}"
EndProject
Global
	GlobalSection(SolutionConfigurationPlatforms) = preSolution
		Debug|Any CPU = Debug|Any CPU
		Release|Any CPU = Release|Any CPU
	EndGlobalSection
	GlobalSection(ProjectConfigurationPlatforms) = postSolution
		{BE0F8058-78EB-48A0-87BD-598BE1366853}.Debug|Any CPU.ActiveCfg = Debug|Any CPU
		{BE0F8058-78EB-48A0-87BD-598BE1366853}.Debug|Any CPU.Build.0 = Debug|Any CPU
		{BE0F8058-78EB-48A0-87BD-598BE1366853}.Release|Any CPU.ActiveCfg = Release|Any CPU
		{BE0F8058-78EB-48A0-87BD-598BE1366853}.Release|Any CPU.Build.0 = Release|Any CPU
	EndGlobalSection
	GlobalSection(SolutionProperties) = preSolution
		HideSolutionNode = FALSE
	EndGlobalSection
	GlobalSection(ExtensibilityGlobals) = postSolution
		SolutionGuid = {AE0F4B69-B22A-4148-B801-EE655BED6360}
	EndGlobalSection
EndGlobal
